// !$*UTF8*$!
{
	archiveVersion = 1;
	classes = {
	};
	objectVersion = 50;
	objects = {

/* Begin PBXBuildFile section */
		DD0A9E6D25AC89EE0005BB05 /* CourseItem.swift in Sources */ = {isa = PBXBuildFile; fileRef = DD0A9E6C25AC89EE0005BB05 /* CourseItem.swift */; };
		DD0A9E6E25AC89EE0005BB05 /* CourseItem.swift in Sources */ = {isa = PBXBuildFile; fileRef = DD0A9E6C25AC89EE0005BB05 /* CourseItem.swift */; };
		DD0A9E7A25AC8B880005BB05 /* CourseList.swift in Sources */ = {isa = PBXBuildFile; fileRef = DD0A9E7925AC8B880005BB05 /* CourseList.swift */; };
		DD0A9E7B25AC8B880005BB05 /* CourseList.swift in Sources */ = {isa = PBXBuildFile; fileRef = DD0A9E7925AC8B880005BB05 /* CourseList.swift */; };
		DD2540EA25B082AA00BC45E2 /* Test.swift in Sources */ = {isa = PBXBuildFile; fileRef = DD2540E925B082AA00BC45E2 /* Test.swift */; };
		DD2540EB25B082AA00BC45E2 /* Test.swift in Sources */ = {isa = PBXBuildFile; fileRef = DD2540E925B082AA00BC45E2 /* Test.swift */; };
		DD63DDC025AAB5F00017EC08 /* DesignCodeCourseApp.swift in Sources */ = {isa = PBXBuildFile; fileRef = DD63DDAD25AAB5EF0017EC08 /* DesignCodeCourseApp.swift */; };
		DD63DDC125AAB5F00017EC08 /* DesignCodeCourseApp.swift in Sources */ = {isa = PBXBuildFile; fileRef = DD63DDAD25AAB5EF0017EC08 /* DesignCodeCourseApp.swift */; };
		DD63DDC225AAB5F00017EC08 /* ContentView.swift in Sources */ = {isa = PBXBuildFile; fileRef = DD63DDAE25AAB5EF0017EC08 /* ContentView.swift */; };
		DD63DDC325AAB5F00017EC08 /* ContentView.swift in Sources */ = {isa = PBXBuildFile; fileRef = DD63DDAE25AAB5EF0017EC08 /* ContentView.swift */; };
		DD63DDC425AAB5F00017EC08 /* Assets.xcassets in Resources */ = {isa = PBXBuildFile; fileRef = DD63DDAF25AAB5F00017EC08 /* Assets.xcassets */; };
		DD63DDC525AAB5F00017EC08 /* Assets.xcassets in Resources */ = {isa = PBXBuildFile; fileRef = DD63DDAF25AAB5F00017EC08 /* Assets.xcassets */; };
		DD63DDD125AAC64F0017EC08 /* CourseRow.swift in Sources */ = {isa = PBXBuildFile; fileRef = DD63DDD025AAC64F0017EC08 /* CourseRow.swift */; };
		DD63DDD225AAC64F0017EC08 /* CourseRow.swift in Sources */ = {isa = PBXBuildFile; fileRef = DD63DDD025AAC64F0017EC08 /* CourseRow.swift */; };
		DD63DDD625AACA7B0017EC08 /* CoursesView.swift in Sources */ = {isa = PBXBuildFile; fileRef = DD63DDD525AACA7B0017EC08 /* CoursesView.swift */; };
		DD63DDD725AACA7B0017EC08 /* CoursesView.swift in Sources */ = {isa = PBXBuildFile; fileRef = DD63DDD525AACA7B0017EC08 /* CoursesView.swift */; };
		DD63DDDB25AACB770017EC08 /* SideBar.swift in Sources */ = {isa = PBXBuildFile; fileRef = DD63DDDA25AACB770017EC08 /* SideBar.swift */; };
		DD63DDDC25AACB770017EC08 /* SideBar.swift in Sources */ = {isa = PBXBuildFile; fileRef = DD63DDDA25AACB770017EC08 /* SideBar.swift */; };
		DD714FAE25AF1EDE0016A87B /* Course.swift in Sources */ = {isa = PBXBuildFile; fileRef = DD714FAD25AF1EDE0016A87B /* Course.swift */; };
		DD714FAF25AF1EDE0016A87B /* Course.swift in Sources */ = {isa = PBXBuildFile; fileRef = DD714FAD25AF1EDE0016A87B /* Course.swift */; };
/* End PBXBuildFile section */

/* Begin PBXFileReference section */
		DD0A9E6C25AC89EE0005BB05 /* CourseItem.swift */ = {isa = PBXFileReference; lastKnownFileType = sourcecode.swift; path = CourseItem.swift; sourceTree = "<group>"; };
		DD0A9E7925AC8B880005BB05 /* CourseList.swift */ = {isa = PBXFileReference; lastKnownFileType = sourcecode.swift; path = CourseList.swift; sourceTree = "<group>"; };
		DD2540E925B082AA00BC45E2 /* Test.swift */ = {isa = PBXFileReference; lastKnownFileType = sourcecode.swift; path = Test.swift; sourceTree = "<group>"; };
		DD63DDAD25AAB5EF0017EC08 /* DesignCodeCourseApp.swift */ = {isa = PBXFileReference; lastKnownFileType = sourcecode.swift; path = DesignCodeCourseApp.swift; sourceTree = "<group>"; };
		DD63DDAE25AAB5EF0017EC08 /* ContentView.swift */ = {isa = PBXFileReference; lastKnownFileType = sourcecode.swift; path = ContentView.swift; sourceTree = "<group>"; };
		DD63DDAF25AAB5F00017EC08 /* Assets.xcassets */ = {isa = PBXFileReference; lastKnownFileType = folder.assetcatalog; path = Assets.xcassets; sourceTree = "<group>"; };
		DD63DDB425AAB5F00017EC08 /* DesignCodeCourse.app */ = {isa = PBXFileReference; explicitFileType = wrapper.application; includeInIndex = 0; path = DesignCodeCourse.app; sourceTree = BUILT_PRODUCTS_DIR; };
		DD63DDB725AAB5F00017EC08 /* Info.plist */ = {isa = PBXFileReference; lastKnownFileType = text.plist.xml; path = Info.plist; sourceTree = "<group>"; };
		DD63DDBC25AAB5F00017EC08 /* DesignCodeCourse.app */ = {isa = PBXFileReference; explicitFileType = wrapper.application; includeInIndex = 0; path = DesignCodeCourse.app; sourceTree = BUILT_PRODUCTS_DIR; };
		DD63DDBE25AAB5F00017EC08 /* Info.plist */ = {isa = PBXFileReference; lastKnownFileType = text.plist.xml; path = Info.plist; sourceTree = "<group>"; };
		DD63DDBF25AAB5F00017EC08 /* macOS.entitlements */ = {isa = PBXFileReference; lastKnownFileType = text.plist.entitlements; path = macOS.entitlements; sourceTree = "<group>"; };
		DD63DDD025AAC64F0017EC08 /* CourseRow.swift */ = {isa = PBXFileReference; lastKnownFileType = sourcecode.swift; path = CourseRow.swift; sourceTree = "<group>"; };
		DD63DDD525AACA7B0017EC08 /* CoursesView.swift */ = {isa = PBXFileReference; lastKnownFileType = sourcecode.swift; path = CoursesView.swift; sourceTree = "<group>"; };
		DD63DDDA25AACB770017EC08 /* SideBar.swift */ = {isa = PBXFileReference; lastKnownFileType = sourcecode.swift; path = SideBar.swift; sourceTree = "<group>"; };
		DD714FAD25AF1EDE0016A87B /* Course.swift */ = {isa = PBXFileReference; lastKnownFileType = sourcecode.swift; path = Course.swift; sourceTree = "<group>"; };
/* End PBXFileReference section */

/* Begin PBXFrameworksBuildPhase section */
		DD63DDB125AAB5F00017EC08 /* Frameworks */ = {
			isa = PBXFrameworksBuildPhase;
			buildActionMask = 2147483647;
			files = (
			);
			runOnlyForDeploymentPostprocessing = 0;
		};
		DD63DDB925AAB5F00017EC08 /* Frameworks */ = {
			isa = PBXFrameworksBuildPhase;
			buildActionMask = 2147483647;
			files = (
			);
			runOnlyForDeploymentPostprocessing = 0;
		};
/* End PBXFrameworksBuildPhase section */

/* Begin PBXGroup section */
		DD0A9E7125AC8ACD0005BB05 /* Navigation */ = {
			isa = PBXGroup;
			children = (
				DD63DDDA25AACB770017EC08 /* SideBar.swift */,
				DD63DDAE25AAB5EF0017EC08 /* ContentView.swift */,
			);
			path = Navigation;
			sourceTree = "<group>";
		};
		DD0A9E7625AC8AEC0005BB05 /* Items */ = {
			isa = PBXGroup;
			children = (
				DD63DDD025AAC64F0017EC08 /* CourseRow.swift */,
				DD0A9E6C25AC89EE0005BB05 /* CourseItem.swift */,
			);
			path = Items;
			sourceTree = "<group>";
		};
		DD3C81F425B07E4B00421951 /* Mould */ = {
			isa = PBXGroup;
			children = (
				DD714FAD25AF1EDE0016A87B /* Course.swift */,
			);
			path = Mould;
			sourceTree = "<group>";
		};
		DD63DDA725AAB5EF0017EC08 = {
			isa = PBXGroup;
			children = (
				DD63DDAC25AAB5EF0017EC08 /* Shared */,
				DD63DDB625AAB5F00017EC08 /* iOS */,
				DD63DDBD25AAB5F00017EC08 /* macOS */,
				DD63DDB525AAB5F00017EC08 /* Products */,
			);
			sourceTree = "<group>";
		};
		DD63DDAC25AAB5EF0017EC08 /* Shared */ = {
			isa = PBXGroup;
			children = (
				DD63DDAD25AAB5EF0017EC08 /* DesignCodeCourseApp.swift */,
				DD0A9E7125AC8ACD0005BB05 /* Navigation */,
				DD3C81F425B07E4B00421951 /* Mould */,
				DD0A9E7625AC8AEC0005BB05 /* Items */,
				DD63DDD525AACA7B0017EC08 /* CoursesView.swift */,
				DD2540E925B082AA00BC45E2 /* Test.swift */,
				DD0A9E7925AC8B880005BB05 /* CourseList.swift */,
				DD63DDAF25AAB5F00017EC08 /* Assets.xcassets */,
			);
			path = Shared;
			sourceTree = "<group>";
		};
		DD63DDB525AAB5F00017EC08 /* Products */ = {
			isa = PBXGroup;
			children = (
				DD63DDB425AAB5F00017EC08 /* DesignCodeCourse.app */,
				DD63DDBC25AAB5F00017EC08 /* DesignCodeCourse.app */,
			);
			name = Products;
			sourceTree = "<group>";
		};
		DD63DDB625AAB5F00017EC08 /* iOS */ = {
			isa = PBXGroup;
			children = (
				DD63DDB725AAB5F00017EC08 /* Info.plist */,
			);
			path = iOS;
			sourceTree = "<group>";
		};
		DD63DDBD25AAB5F00017EC08 /* macOS */ = {
			isa = PBXGroup;
			children = (
				DD63DDBE25AAB5F00017EC08 /* Info.plist */,
				DD63DDBF25AAB5F00017EC08 /* macOS.entitlements */,
			);
			path = macOS;
			sourceTree = "<group>";
		};
/* End PBXGroup section */

/* Begin PBXNativeTarget section */
		DD63DDB325AAB5F00017EC08 /* DesignCodeCourse (iOS) */ = {
			isa = PBXNativeTarget;
			buildConfigurationList = DD63DDC825AAB5F00017EC08 /* Build configuration list for PBXNativeTarget "DesignCodeCourse (iOS)" */;
			buildPhases = (
				DD63DDB025AAB5F00017EC08 /* Sources */,
				DD63DDB125AAB5F00017EC08 /* Frameworks */,
				DD63DDB225AAB5F00017EC08 /* Resources */,
			);
			buildRules = (
			);
			dependencies = (
			);
			name = "DesignCodeCourse (iOS)";
			productName = "DesignCodeCourse (iOS)";
			productReference = DD63DDB425AAB5F00017EC08 /* DesignCodeCourse.app */;
			productType = "com.apple.product-type.application";
		};
		DD63DDBB25AAB5F00017EC08 /* DesignCodeCourse (macOS) */ = {
			isa = PBXNativeTarget;
			buildConfigurationList = DD63DDCB25AAB5F00017EC08 /* Build configuration list for PBXNativeTarget "DesignCodeCourse (macOS)" */;
			buildPhases = (
				DD63DDB825AAB5F00017EC08 /* Sources */,
				DD63DDB925AAB5F00017EC08 /* Frameworks */,
				DD63DDBA25AAB5F00017EC08 /* Resources */,
			);
			buildRules = (
			);
			dependencies = (
			);
			name = "DesignCodeCourse (macOS)";
			productName = "DesignCodeCourse (macOS)";
			productReference = DD63DDBC25AAB5F00017EC08 /* DesignCodeCourse.app */;
			productType = "com.apple.product-type.application";
		};
/* End PBXNativeTarget section */

/* Begin PBXProject section */
		DD63DDA825AAB5EF0017EC08 /* Project object */ = {
			isa = PBXProject;
			attributes = {
				LastSwiftUpdateCheck = 1220;
				LastUpgradeCheck = 1220;
				TargetAttributes = {
					DD63DDB325AAB5F00017EC08 = {
						CreatedOnToolsVersion = 12.2;
					};
					DD63DDBB25AAB5F00017EC08 = {
						CreatedOnToolsVersion = 12.2;
					};
				};
			};
			buildConfigurationList = DD63DDAB25AAB5EF0017EC08 /* Build configuration list for PBXProject "DesignCodeCourse" */;
			compatibilityVersion = "Xcode 9.3";
			developmentRegion = en;
			hasScannedForEncodings = 0;
			knownRegions = (
				en,
				Base,
			);
			mainGroup = DD63DDA725AAB5EF0017EC08;
			productRefGroup = DD63DDB525AAB5F00017EC08 /* Products */;
			projectDirPath = "";
			projectRoot = "";
			targets = (
				DD63DDB325AAB5F00017EC08 /* DesignCodeCourse (iOS) */,
				DD63DDBB25AAB5F00017EC08 /* DesignCodeCourse (macOS) */,
			);
		};
/* End PBXProject section */

/* Begin PBXResourcesBuildPhase section */
		DD63DDB225AAB5F00017EC08 /* Resources */ = {
			isa = PBXResourcesBuildPhase;
			buildActionMask = 2147483647;
			files = (
				DD63DDC425AAB5F00017EC08 /* Assets.xcassets in Resources */,
			);
			runOnlyForDeploymentPostprocessing = 0;
		};
		DD63DDBA25AAB5F00017EC08 /* Resources */ = {
			isa = PBXResourcesBuildPhase;
			buildActionMask = 2147483647;
			files = (
				DD63DDC525AAB5F00017EC08 /* Assets.xcassets in Resources */,
			);
			runOnlyForDeploymentPostprocessing = 0;
		};
/* End PBXResourcesBuildPhase section */

/* Begin PBXSourcesBuildPhase section */
		DD63DDB025AAB5F00017EC08 /* Sources */ = {
			isa = PBXSourcesBuildPhase;
			buildActionMask = 2147483647;
			files = (
				DD714FAE25AF1EDE0016A87B /* Course.swift in Sources */,
				DD63DDDB25AACB770017EC08 /* SideBar.swift in Sources */,
				DD2540EA25B082AA00BC45E2 /* Test.swift in Sources */,
				DD0A9E6D25AC89EE0005BB05 /* CourseItem.swift in Sources */,
				DD63DDD625AACA7B0017EC08 /* CoursesView.swift in Sources */,
				DD63DDC225AAB5F00017EC08 /* ContentView.swift in Sources */,
				DD63DDD125AAC64F0017EC08 /* CourseRow.swift in Sources */,
				DD63DDC025AAB5F00017EC08 /* DesignCodeCourseApp.swift in Sources */,
				DD0A9E7A25AC8B880005BB05 /* CourseList.swift in Sources */,
			);
			runOnlyForDeploymentPostprocessing = 0;
		};
		DD63DDB825AAB5F00017EC08 /* Sources */ = {
			isa = PBXSourcesBuildPhase;
			buildActionMask = 2147483647;
			files = (
				DD714FAF25AF1EDE0016A87B /* Course.swift in Sources */,
				DD63DDDC25AACB770017EC08 /* SideBar.swift in Sources */,
				DD2540EB25B082AA00BC45E2 /* Test.swift in Sources */,
				DD0A9E6E25AC89EE0005BB05 /* CourseItem.swift in Sources */,
				DD63DDD725AACA7B0017EC08 /* CoursesView.swift in Sources */,
				DD63DDC325AAB5F00017EC08 /* ContentView.swift in Sources */,
				DD63DDD225AAC64F0017EC08 /* CourseRow.swift in Sources */,
				DD63DDC125AAB5F00017EC08 /* DesignCodeCourseApp.swift in Sources */,
				DD0A9E7B25AC8B880005BB05 /* CourseList.swift in Sources */,
			);
			runOnlyForDeploymentPostprocessing = 0;
		};
/* End PBXSourcesBuildPhase section */

/* Begin XCBuildConfiguration section */
		DD63DDC625AAB5F00017EC08 /* Debug */ = {
			isa = XCBuildConfiguration;
			buildSettings = {
				ALWAYS_SEARCH_USER_PATHS = NO;
				CLANG_ANALYZER_NONNULL = YES;
				CLANG_ANALYZER_NUMBER_OBJECT_CONVERSION = YES_AGGRESSIVE;
				CLANG_CXX_LANGUAGE_STANDARD = "gnu++14";
				CLANG_CXX_LIBRARY = "libc++";
				CLANG_ENABLE_MODULES = YES;
				CLANG_ENABLE_OBJC_ARC = YES;
				CLANG_ENABLE_OBJC_WEAK = YES;
				CLANG_WARN_BLOCK_CAPTURE_AUTORELEASING = YES;
				CLANG_WARN_BOOL_CONVERSION = YES;
				CLANG_WARN_COMMA = YES;
				CLANG_WARN_CONSTANT_CONVERSION = YES;
				CLANG_WARN_DEPRECATED_OBJC_IMPLEMENTATIONS = YES;
				CLANG_WARN_DIRECT_OBJC_ISA_USAGE = YES_ERROR;
				CLANG_WARN_DOCUMENTATION_COMMENTS = YES;
				CLANG_WARN_EMPTY_BODY = YES;
				CLANG_WARN_ENUM_CONVERSION = YES;
				CLANG_WARN_INFINITE_RECURSION = YES;
				CLANG_WARN_INT_CONVERSION = YES;
				CLANG_WARN_NON_LITERAL_NULL_CONVERSION = YES;
				CLANG_WARN_OBJC_IMPLICIT_RETAIN_SELF = YES;
				CLANG_WARN_OBJC_LITERAL_CONVERSION = YES;
				CLANG_WARN_OBJC_ROOT_CLASS = YES_ERROR;
				CLANG_WARN_QUOTED_INCLUDE_IN_FRAMEWORK_HEADER = YES;
				CLANG_WARN_RANGE_LOOP_ANALYSIS = YES;
				CLANG_WARN_STRICT_PROTOTYPES = YES;
				CLANG_WARN_SUSPICIOUS_MOVE = YES;
				CLANG_WARN_UNGUARDED_AVAILABILITY = YES_AGGRESSIVE;
				CLANG_WARN_UNREACHABLE_CODE = YES;
				CLANG_WARN__DUPLICATE_METHOD_MATCH = YES;
				COPY_PHASE_STRIP = NO;
				DEBUG_INFORMATION_FORMAT = dwarf;
				ENABLE_STRICT_OBJC_MSGSEND = YES;
				ENABLE_TESTABILITY = YES;
				GCC_C_LANGUAGE_STANDARD = gnu11;
				GCC_DYNAMIC_NO_PIC = NO;
				GCC_NO_COMMON_BLOCKS = YES;
				GCC_OPTIMIZATION_LEVEL = 0;
				GCC_PREPROCESSOR_DEFINITIONS = (
					"DEBUG=1",
					"$(inherited)",
				);
				GCC_WARN_64_TO_32_BIT_CONVERSION = YES;
				GCC_WARN_ABOUT_RETURN_TYPE = YES_ERROR;
				GCC_WARN_UNDECLARED_SELECTOR = YES;
				GCC_WARN_UNINITIALIZED_AUTOS = YES_AGGRESSIVE;
				GCC_WARN_UNUSED_FUNCTION = YES;
				GCC_WARN_UNUSED_VARIABLE = YES;
				MTL_ENABLE_DEBUG_INFO = INCLUDE_SOURCE;
				MTL_FAST_MATH = YES;
				ONLY_ACTIVE_ARCH = YES;
				SWIFT_ACTIVE_COMPILATION_CONDITIONS = DEBUG;
				SWIFT_OPTIMIZATION_LEVEL = "-Onone";
			};
			name = Debug;
		};
		DD63DDC725AAB5F00017EC08 /* Release */ = {
			isa = XCBuildConfiguration;
			buildSettings = {
				ALWAYS_SEARCH_USER_PATHS = NO;
				CLANG_ANALYZER_NONNULL = YES;
				CLANG_ANALYZER_NUMBER_OBJECT_CONVERSION = YES_AGGRESSIVE;
				CLANG_CXX_LANGUAGE_STANDARD = "gnu++14";
				CLANG_CXX_LIBRARY = "libc++";
				CLANG_ENABLE_MODULES = YES;
				CLANG_ENABLE_OBJC_ARC = YES;
				CLANG_ENABLE_OBJC_WEAK = YES;
				CLANG_WARN_BLOCK_CAPTURE_AUTORELEASING = YES;
				CLANG_WARN_BOOL_CONVERSION = YES;
				CLANG_WARN_COMMA = YES;
				CLANG_WARN_CONSTANT_CONVERSION = YES;
				CLANG_WARN_DEPRECATED_OBJC_IMPLEMENTATIONS = YES;
				CLANG_WARN_DIRECT_OBJC_ISA_USAGE = YES_ERROR;
				CLANG_WARN_DOCUMENTATION_COMMENTS = YES;
				CLANG_WARN_EMPTY_BODY = YES;
				CLANG_WARN_ENUM_CONVERSION = YES;
				CLANG_WARN_INFINITE_RECURSION = YES;
				CLANG_WARN_INT_CONVERSION = YES;
				CLANG_WARN_NON_LITERAL_NULL_CONVERSION = YES;
				CLANG_WARN_OBJC_IMPLICIT_RETAIN_SELF = YES;
				CLANG_WARN_OBJC_LITERAL_CONVERSION = YES;
				CLANG_WARN_OBJC_ROOT_CLASS = YES_ERROR;
				CLANG_WARN_QUOTED_INCLUDE_IN_FRAMEWORK_HEADER = YES;
				CLANG_WARN_RANGE_LOOP_ANALYSIS = YES;
				CLANG_WARN_STRICT_PROTOTYPES = YES;
				CLANG_WARN_SUSPICIOUS_MOVE = YES;
				CLANG_WARN_UNGUARDED_AVAILABILITY = YES_AGGRESSIVE;
				CLANG_WARN_UNREACHABLE_CODE = YES;
				CLANG_WARN__DUPLICATE_METHOD_MATCH = YES;
				COPY_PHASE_STRIP = NO;
				DEBUG_INFORMATION_FORMAT = "dwarf-with-dsym";
				ENABLE_NS_ASSERTIONS = NO;
				ENABLE_STRICT_OBJC_MSGSEND = YES;
				GCC_C_LANGUAGE_STANDARD = gnu11;
				GCC_NO_COMMON_BLOCKS = YES;
				GCC_WARN_64_TO_32_BIT_CONVERSION = YES;
				GCC_WARN_ABOUT_RETURN_TYPE = YES_ERROR;
				GCC_WARN_UNDECLARED_SELECTOR = YES;
				GCC_WARN_UNINITIALIZED_AUTOS = YES_AGGRESSIVE;
				GCC_WARN_UNUSED_FUNCTION = YES;
				GCC_WARN_UNUSED_VARIABLE = YES;
				MTL_ENABLE_DEBUG_INFO = NO;
				MTL_FAST_MATH = YES;
				SWIFT_COMPILATION_MODE = wholemodule;
				SWIFT_OPTIMIZATION_LEVEL = "-O";
			};
			name = Release;
		};
		DD63DDC925AAB5F00017EC08 /* Debug */ = {
			isa = XCBuildConfiguration;
			buildSettings = {
				ASSETCATALOG_COMPILER_APPICON_NAME = AppIcon;
				ASSETCATALOG_COMPILER_GLOBAL_ACCENT_COLOR_NAME = AccentColor;
				CODE_SIGN_STYLE = Automatic;
				DEVELOPMENT_TEAM = DGRT236A5B;
				ENABLE_PREVIEWS = YES;
				INFOPLIST_FILE = iOS/Info.plist;
				IPHONEOS_DEPLOYMENT_TARGET = 14.0;
				LD_RUNPATH_SEARCH_PATHS = (
					"$(inherited)",
					"@executable_path/Frameworks",
				);
				PRODUCT_BUNDLE_IDENTIFIER = MikePy.DesignCodeCourse;
				PRODUCT_NAME = DesignCodeCourse;
				SDKROOT = iphoneos;
				SWIFT_VERSION = 5.0;
				TARGETED_DEVICE_FAMILY = "1,2";
			};
			name = Debug;
		};
		DD63DDCA25AAB5F00017EC08 /* Release */ = {
			isa = XCBuildConfiguration;
			buildSettings = {
				ASSETCATALOG_COMPILER_APPICON_NAME = AppIcon;
				ASSETCATALOG_COMPILER_GLOBAL_ACCENT_COLOR_NAME = AccentColor;
				CODE_SIGN_STYLE = Automatic;
				DEVELOPMENT_TEAM = DGRT236A5B;
				ENABLE_PREVIEWS = YES;
				INFOPLIST_FILE = iOS/Info.plist;
				IPHONEOS_DEPLOYMENT_TARGET = 14.0;
				LD_RUNPATH_SEARCH_PATHS = (
					"$(inherited)",
					"@executable_path/Frameworks",
				);
				PRODUCT_BUNDLE_IDENTIFIER = MikePy.DesignCodeCourse;
				PRODUCT_NAME = DesignCodeCourse;
				SDKROOT = iphoneos;
				SWIFT_VERSION = 5.0;
				TARGETED_DEVICE_FAMILY = "1,2";
				VALIDATE_PRODUCT = YES;
			};
			name = Release;
		};
		DD63DDCC25AAB5F00017EC08 /* Debug */ = {
			isa = XCBuildConfiguration;
			buildSettings = {
				ASSETCATALOG_COMPILER_APPICON_NAME = AppIcon;
				ASSETCATALOG_COMPILER_GLOBAL_ACCENT_COLOR_NAME = AccentColor;
				CODE_SIGN_ENTITLEMENTS = macOS/macOS.entitlements;
				CODE_SIGN_STYLE = Automatic;
				COMBINE_HIDPI_IMAGES = YES;
				DEVELOPMENT_TEAM = DGRT236A5B;
				ENABLE_HARDENED_RUNTIME = YES;
				ENABLE_PREVIEWS = YES;
				INFOPLIST_FILE = macOS/Info.plist;
				LD_RUNPATH_SEARCH_PATHS = (
					"$(inherited)",
					"@executable_path/../Frameworks",
				);
				MACOSX_DEPLOYMENT_TARGET = 11.0;
				PRODUCT_BUNDLE_IDENTIFIER = MikePy.DesignCodeCourse;
				PRODUCT_NAME = DesignCodeCourse;
				SDKROOT = macosx;
				SWIFT_VERSION = 5.0;
			};
			name = Debug;
		};
		DD63DDCD25AAB5F00017EC08 /* Release */ = {
			isa = XCBuildConfiguration;
			buildSettings = {
				ASSETCATALOG_COMPILER_APPICON_NAME = AppIcon;
				ASSETCATALOG_COMPILER_GLOBAL_ACCENT_COLOR_NAME = AccentColor;
				CODE_SIGN_ENTITLEMENTS = macOS/macOS.entitlements;
				CODE_SIGN_STYLE = Automatic;
				COMBINE_HIDPI_IMAGES = YES;
				DEVELOPMENT_TEAM = DGRT236A5B;
				ENABLE_HARDENED_RUNTIME = YES;
				ENABLE_PREVIEWS = YES;
				INFOPLIST_FILE = macOS/Info.plist;
				LD_RUNPATH_SEARCH_PATHS = (
					"$(inherited)",
					"@executable_path/../Frameworks",
				);
				MACOSX_DEPLOYMENT_TARGET = 11.0;
				PRODUCT_BUNDLE_IDENTIFIER = MikePy.DesignCodeCourse;
				PRODUCT_NAME = DesignCodeCourse;
				SDKROOT = macosx;
				SWIFT_VERSION = 5.0;
			};
			name = Release;
		};
/* End XCBuildConfiguration section */

/* Begin XCConfigurationList section */
		DD63DDAB25AAB5EF0017EC08 /* Build configuration list for PBXProject "DesignCodeCourse" */ = {
			isa = XCConfigurationList;
			buildConfigurations = (
				DD63DDC625AAB5F00017EC08 /* Debug */,
				DD63DDC725AAB5F00017EC08 /* Release */,
			);
			defaultConfigurationIsVisible = 0;
			defaultConfigurationName = Release;
		};
		DD63DDC825AAB5F00017EC08 /* Build configuration list for PBXNativeTarget "DesignCodeCourse (iOS)" */ = {
			isa = XCConfigurationList;
			buildConfigurations = (
				DD63DDC925AAB5F00017EC08 /* Debug */,
				DD63DDCA25AAB5F00017EC08 /* Release */,
			);
			defaultConfigurationIsVisible = 0;
			defaultConfigurationName = Release;
		};
		DD63DDCB25AAB5F00017EC08 /* Build configuration list for PBXNativeTarget "DesignCodeCourse (macOS)" */ = {
			isa = XCConfigurationList;
			buildConfigurations = (
				DD63DDCC25AAB5F00017EC08 /* Debug */,
				DD63DDCD25AAB5F00017EC08 /* Release */,
			);
			defaultConfigurationIsVisible = 0;
			defaultConfigurationName = Release;
		};
/* End XCConfigurationList section */
	};
	rootObject = DD63DDA825AAB5EF0017EC08 /* Project object */;
}
